
Microsoft Visual Studio Solution File, Format Version 12.00
# Visual Studio Version 17
VisualStudioVersion = 17.13.35825.156
MinimumVisualStudioVersion = 10.0.40219.1
Project("{FAE04EC0-301F-11D3-BF4B-00C04F79EFBC}") = "NapCatScript.Core", "..\QQbotOrWebAPI\NapCatScript.Core\NapCatScript.Core.csproj", "{2DBE52F6-2A3D-1730-8729-93DA196771A0}"
EndProject
Project("{FAE04EC0-301F-11D3-BF4B-00C04F79EFBC}") = "KeyWordBan", "KeyWordBan\KeyWordBan.csproj", "{0C409F32-BC34-7D22-091F-02D13FADE2E1}"
EndProject
Project("{FAE04EC0-301F-11D3-BF4B-00C04F79EFBC}") = "TestPlugin", "TestPlugin\TestPlugin.csproj", "{53613D45-94B0-4E77-0700-06F551A78C80}"
EndProject
Project("{FAE04EC0-301F-11D3-BF4B-00C04F79EFBC}") = "NapCatScript.Start", "..\QQbotOrWebAPI\Start\NapCatScript.Start.csproj", "{B6BCDF41-6926-F6EA-59CC-6C5C1849D0CC}"
EndProject
Project("{FAE04EC0-301F-11D3-BF4B-00C04F79EFBC}") = "DiscordToQQ", "DiscordToQQ\DiscordToQQ.csproj", "{5D6251ED-3FB3-45C5-9957-72CBDA855E2C}"
EndProject
Project("{FAE04EC0-301F-11D3-BF4B-00C04F79EFBC}") = "TestConsole", "TestConsole\TestConsole.csproj", "{17977028-333F-4F22-B97D-9F369F95EE77}"
EndProject
Global
	GlobalSection(SolutionConfigurationPlatforms) = preSolution
		Debug|Any CPU = Debug|Any CPU
		Release|Any CPU = Release|Any CPU
	EndGlobalSection
	GlobalSection(ProjectConfigurationPlatforms) = postSolution
		{2DBE52F6-2A3D-1730-8729-93DA196771A0}.Debug|Any CPU.ActiveCfg = Debug|Any CPU
		{2DBE52F6-2A3D-1730-8729-93DA196771A0}.Debug|Any CPU.Build.0 = Debug|Any CPU
		{2DBE52F6-2A3D-1730-8729-93DA196771A0}.Release|Any CPU.ActiveCfg = Release|Any CPU
		{2DBE52F6-2A3D-1730-8729-93DA196771A0}.Release|Any CPU.Build.0 = Release|Any CPU
		{0C409F32-BC34-7D22-091F-02D13FADE2E1}.Debug|Any CPU.ActiveCfg = Debug|Any CPU
		{0C409F32-BC34-7D22-091F-02D13FADE2E1}.Debug|Any CPU.Build.0 = Debug|Any CPU
		{0C409F32-BC34-7D22-091F-02D13FADE2E1}.Release|Any CPU.ActiveCfg = Release|Any CPU
		{0C409F32-BC34-7D22-091F-02D13FADE2E1}.Release|Any CPU.Build.0 = Release|Any CPU
		{53613D45-94B0-4E77-0700-06F551A78C80}.Debug|Any CPU.ActiveCfg = Debug|Any CPU
		{53613D45-94B0-4E77-0700-06F551A78C80}.Debug|Any CPU.Build.0 = Debug|Any CPU
		{53613D45-94B0-4E77-0700-06F551A78C80}.Release|Any CPU.ActiveCfg = Release|Any CPU
		{53613D45-94B0-4E77-0700-06F551A78C80}.Release|Any CPU.Build.0 = Release|Any CPU
		{B6BCDF41-6926-F6EA-59CC-6C5C1849D0CC}.Debug|Any CPU.ActiveCfg = Debug|Any CPU
		{B6BCDF41-6926-F6EA-59CC-6C5C1849D0CC}.Debug|Any CPU.Build.0 = Debug|Any CPU
		{B6BCDF41-6926-F6EA-59CC-6C5C1849D0CC}.Release|Any CPU.ActiveCfg = Release|Any CPU
		{B6BCDF41-6926-F6EA-59CC-6C5C1849D0CC}.Release|Any CPU.Build.0 = Release|Any CPU
		{5D6251ED-3FB3-45C5-9957-72CBDA855E2C}.Debug|Any CPU.ActiveCfg = Debug|Any CPU
		{5D6251ED-3FB3-45C5-9957-72CBDA855E2C}.Debug|Any CPU.Build.0 = Debug|Any CPU
		{5D6251ED-3FB3-45C5-9957-72CBDA855E2C}.Release|Any CPU.ActiveCfg = Release|Any CPU
		{5D6251ED-3FB3-45C5-9957-72CBDA855E2C}.Release|Any CPU.Build.0 = Release|Any CPU
		{17977028-333F-4F22-B97D-9F369F95EE77}.Debug|Any CPU.ActiveCfg = Debug|Any CPU
		{17977028-333F-4F22-B97D-9F369F95EE77}.Debug|Any CPU.Build.0 = Debug|Any CPU
		{17977028-333F-4F22-B97D-9F369F95EE77}.Release|Any CPU.ActiveCfg = Release|Any CPU
		{17977028-333F-4F22-B97D-9F369F95EE77}.Release|Any CPU.Build.0 = Release|Any CPU
	EndGlobalSection
	GlobalSection(SolutionProperties) = preSolution
		HideSolutionNode = FALSE
	EndGlobalSection
	GlobalSection(ExtensibilityGlobals) = postSolution
		SolutionGuid = {83CA4281-8667-42EC-A195-1755F0DCC391}
	EndGlobalSection
EndGlobal
